# This file is automatically @generated by Cargo.
# It is not intended for manual editing.
version = 4

[[package]]
name = "account-profile-store"
version = "0.1.0"

[[package]]
name = "app-configuration-loader"
version = "0.1.0"

[[package]]
name = "audio-decode-symphonia-bridge"
version = "0.1.0"

[[package]]
name = "audio-io-cpal-bridge"
version = "0.1.0"

[[package]]
name = "audio-recording-capture-service"
version = "0.1.0"

[[package]]
name = "automation-batch-render-orchestrator"
version = "0.1.0"

[[package]]
name = "automation-pipeline-definition-store"
version = "0.1.0"

[[package]]
name = "canvas-overlay-compositing-service"
version = "0.1.0"

[[package]]
name = "canvas-scene-and-keyframe-store"
version = "0.1.0"

[[package]]
name = "design-tokens-theme-definitions"
version = "0.1.0"

[[package]]
name = "deterministic-test-clock-and-ids"
version = "0.1.0"

[[package]]
name = "error-and-result-conventions"
version = "0.1.0"

[[package]]
name = "generation-job-store"
version = "0.1.0"

[[package]]
name = "image-gen-provider-adapter"
version = "0.1.0"

[[package]]
name = "karaoke-lyric-timing-resolution-service"
version = "0.1.0"

[[package]]
name = "llm-text-provider-adapter"
version = "0.1.0"

[[package]]
name = "local-download-manager-store"
version = "0.1.0"

[[package]]
name = "local-playback-parity-service"
version = "0.1.0"

[[package]]
name = "lyrics-and-alignment-store"
version = "0.1.0"

[[package]]
name = "os-keyring-secret-storage"
version = "0.1.0"

[[package]]
name = "plugin-host-stub"
version = "0.1.0"

[[package]]
name = "recorded-audio-take-store"
version = "0.1.0"

[[package]]
name = "single-track-visualizer-render-service"
version = "0.1.0"

[[package]]
name = "station-app"
version = "0.1.0"

[[package]]
name = "structured-logging-and-tracing"
version = "0.1.0"

[[package]]
name = "suno-api-fixture-mocks"
version = "0.1.0"

[[package]]
name = "suno-auth-embedded-webview-login"
version = "0.1.0"

[[package]]
name = "suno-auth-manual-token-paste"
version = "0.1.0"

[[package]]
name = "suno-auth-oauth-loopback-google-fb"
version = "0.1.0"

[[package]]
name = "suno-bulk-library-operations-service"
version = "0.1.0"

[[package]]
name = "suno-generation-client"
version = "0.1.0"

[[package]]
name = "suno-http-client-core"
version = "0.1.0"

[[package]]
name = "suno-library-sync-service"
version = "0.1.0"

[[package]]
name = "suno-remote-library-cache-store"
version = "0.1.0"

[[package]]
name = "suno-upload-client"
version = "0.1.0"

[[package]]
name = "track-download-orchestration-service"
version = "0.1.0"

[[package]]
name = "ui-app-shell-and-navigation"
version = "0.1.0"

[[package]]
name = "ui-screen-account-management"
version = "0.1.0"

[[package]]
name = "ui-screen-automation-pipeline-builder"
version = "0.1.0"

[[package]]
name = "ui-screen-canvas-scene-editor"
version = "0.1.0"

[[package]]
name = "ui-screen-creation-studio"
version = "0.1.0"

[[package]]
name = "ui-screen-local-library-browser"
version = "0.1.0"

[[package]]
name = "ui-screen-lyrics-editor"
version = "0.1.0"

[[package]]
name = "ui-screen-recording-studio"
version = "0.1.0"

[[package]]
name = "ui-screen-remote-library-browser"
version = "0.1.0"

[[package]]
name = "ui-screen-settings-and-theming"
version = "0.1.0"

[[package]]
name = "ui-screen-visualizer-preview"
version = "0.1.0"

[[package]]
name = "ui-shared-widget-library"
version = "0.1.0"

[[package]]
name = "video-export-ffmpeg-process"
version = "0.1.0"

[[package]]
name = "visualizer-projectm-ffi-bindings"
version = "0.1.0"

[[package]]
name = "visualizer-projectm-frame-bridge"
version = "0.1.0"

[[package]]
name = "whisper-transcription-bridge"
version = "0.1.0"

[[package]]
name = "xtask"
version = "0.1.0"
